<?xml version="1.0" encoding="utf-8"?>
<Project ToolsVersion="4.0" xmlns="http://schemas.microsoft.com/developer/msbuild/2003">
  <ItemGroup>
    <Filter Include="Source Files">
      <UniqueIdentifier>{a3340234-ccab-4b87-9abd-7c523f2c8644}</UniqueIdentifier>
      <Extensions>cpp;c;cxx;rc;def;r;odl;idl;hpj;bat</Extensions>
    </Filter>
    <Filter Include="Header Files">
      <UniqueIdentifier>{08fc5771-b6bd-43f5-968b-5af6e92e138d}</UniqueIdentifier>
      <Extensions>h;hpp;hxx;hm;inl</Extensions>
    </Filter>
    <Filter Include="Resource Files">
      <UniqueIdentifier>{bca5dd43-eec1-4fe1-bee8-030663553ead}</UniqueIdentifier>
      <Extensions>ico;cur;bmp;dlg;rc2;rct;bin;rgs;gif;jpg;jpeg;jpe</Extensions>
    </Filter>
  </ItemGroup>
  <ItemGroup>
    <ResourceCompile Include="editor.rc">
      <Filter>Source Files</Filter>
    </ResourceCompile>
  </ItemGroup>
  <ItemGroup>
    <ClCompile Include="editorapp.cpp">
      <Filter>Source Files</Filter>
    </ClCompile>
    <ClCompile Include="EditorBrush.cpp">
      <Filter>Source Files</Filter>
    </ClCompile>
    <ClCompile Include="EditorClipBoard.cpp">
      <Filter>Source Files</Filter>
    </ClCompile>
    <ClCompile Include="EditorClipBoardBlock.cpp">
      <Filter>Source Files</Filter>
    </ClCompile>
    <ClCompile Include="EditorDrawer.cpp">
      <Filter>Source Files</Filter>
    </ClCompile>
    <ClCompile Include="EditorGraphics.cpp">
      <Filter>Source Files</Filter>
    </ClCompile>
    <ClCompile Include="EditorMagicSelection.cpp">
      <Filter>Source Files</Filter>
    </ClCompile>
    <ClCompile Include="EditorSelection.cpp">
      <Filter>Source Files</Filter>
    </ClCompile>
    <ClCompile Include="EditorState.cpp">
      <Filter>Source Files</Filter>
    </ClCompile>
    <ClCompile Include="EditorTools.cpp">
      <Filter>Source Files</Filter>
    </ClCompile>
    <ClCompile Include="EventFilter.cpp">
      <Filter>Source Files</Filter>
    </ClCompile>
    <ClCompile Include="main.cpp">
      <Filter>Source Files</Filter>
    </ClCompile>
    <ClCompile Include="StateAddObjects.cpp">
      <Filter>Source Files</Filter>
    </ClCompile>
    <ClCompile Include="StateEditGeneralData.cpp">
      <Filter>Source Files</Filter>
    </ClCompile>
    <ClCompile Include="StateEditHeights.cpp">
      <Filter>Source Files</Filter>
    </ClCompile>
    <ClCompile Include="StateEditLevel.cpp">
      <Filter>Source Files</Filter>
    </ClCompile>
    <ClCompile Include="StateEditRCData.cpp">
      <Filter>Source Files</Filter>
    </ClCompile>
    <ClCompile Include="StateGetBlock.cpp">
      <Filter>Source Files</Filter>
    </ClCompile>
    <ClCompile Include="StateHandler.cpp">
      <Filter>Source Files</Filter>
    </ClCompile>
    <ClCompile Include="StateHelp.cpp">
      <Filter>Source Files</Filter>
    </ClCompile>
    <ClCompile Include="StateNewLevel.cpp">
      <Filter>Source Files</Filter>
    </ClCompile>
    <ClCompile Include="StateRemoveObjects.cpp">
      <Filter>Header Files</Filter>
    </ClCompile>
    <ClCompile Include="EditorLevelIO_win32.cpp">
      <Filter>Source Files</Filter>
    </ClCompile>
  </ItemGroup>
  <ItemGroup>
    <ClInclude Include="editorapp.h">
      <Filter>Header Files</Filter>
    </ClInclude>
    <ClInclude Include="EditorBrush.h">
      <Filter>Header Files</Filter>
    </ClInclude>
    <ClInclude Include="EditorClipBoard.h">
      <Filter>Header Files</Filter>
    </ClInclude>
    <ClInclude Include="EditorClipBoardBlock.h">
      <Filter>Header Files</Filter>
    </ClInclude>
    <ClInclude Include="EditorDrawer.h">
      <Filter>Header Files</Filter>
    </ClInclude>
    <ClInclude Include="EditorGraphics.h">
      <Filter>Header Files</Filter>
    </ClInclude>
    <ClInclude Include="EditorLevelIO.h">
      <Filter>Header Files</Filter>
    </ClInclude>
    <ClInclude Include="EditorMagicSelection.h">
      <Filter>Header Files</Filter>
    </ClInclude>
    <ClInclude Include="EditorSelection.h">
      <Filter>Header Files</Filter>
    </ClInclude>
    <ClInclude Include="EditorState.h">
      <Filter>Header Files</Filter>
    </ClInclude>
    <ClInclude Include="EditorTools.h">
      <Filter>Header Files</Filter>
    </ClInclude>
    <ClInclude Include="EventFilter.h">
      <Filter>Header Files</Filter>
    </ClInclude>
    <ClInclude Include="resource.h">
      <Filter>Header Files</Filter>
    </ClInclude>
    <ClInclude Include="StateAddObjects.h">
      <Filter>Header Files</Filter>
    </ClInclude>
    <ClInclude Include="StateEditGeneralData.h">
      <Filter>Header Files</Filter>
    </ClInclude>
    <ClInclude Include="StateEditHeights.h">
      <Filter>Header Files</Filter>
    </ClInclude>
    <ClInclude Include="StateEditLevel.h">
      <Filter>Header Files</Filter>
    </ClInclude>
    <ClInclude Include="StateEditRCData.h">
      <Filter>Header Files</Filter>
    </ClInclude>
    <ClInclude Include="StateGetBlock.h">
      <Filter>Header Files</Filter>
    </ClInclude>
    <ClInclude Include="StateHandler.h">
      <Filter>Header Files</Filter>
    </ClInclude>
    <ClInclude Include="StateHelp.h">
      <Filter>Header Files</Filter>
    </ClInclude>
    <ClInclude Include="StateNewLevel.h">
      <Filter>Header Files</Filter>
    </ClInclude>
    <ClInclude Include="StateRemoveObjects.h">
      <Filter>Header Files</Filter>
    </ClInclude>
    <ClInclude Include="..\common\windows.h">
      <Filter>Header Files</Filter>
    </ClInclude>
  </ItemGroup>
  <ItemGroup>
    <Image Include="editor.ico">
      <Filter>Resource Files</Filter>
    </Image>
  </ItemGroup>
  <ItemGroup>
    <Text Include="..\..\todo.txt" />
  </ItemGroup>
</Project>