Microsoft Visual Studio Solution File, Format Version 8.00
Project("{8BC9CEB8-8B4A-11D0-8D11-00A0C91BC942}") = "editor", "editor.vcproj", "{BE6D8228-FD9B-4A7F-8D9F-937249FC5BC2}"
	ProjectSection(ProjectDependencies) = postProject
		{5CCE524F-3811-492C-8476-09C16CD764D4} = {5CCE524F-3811-492C-8476-09C16CD764D4}
	EndProjectSection
EndProject
Project("{8BC9CEB8-8B4A-11D0-8D11-00A0C91BC942}") = "common", "..\common\common.vcproj", "{5CCE524F-3811-492C-8476-09C16CD764D4}"
	ProjectSection(ProjectDependencies) = postProject
	EndProjectSection
EndProject
Global
	GlobalSection(SolutionConfiguration) = preSolution
		Debug = Debug
		Release = Release
	EndGlobalSection
	GlobalSection(ProjectConfiguration) = postSolution
		{BE6D8228-FD9B-4A7F-8D9F-937249FC5BC2}.Debug.ActiveCfg = Debug|Win32
		{BE6D8228-FD9B-4A7F-8D9F-937249FC5BC2}.Debug.Build.0 = Debug|Win32
		{BE6D8228-FD9B-4A7F-8D9F-937249FC5BC2}.Release.ActiveCfg = Release|Win32
		{BE6D8228-FD9B-4A7F-8D9F-937249FC5BC2}.Release.Build.0 = Release|Win32
		{5CCE524F-3811-492C-8476-09C16CD764D4}.Debug.ActiveCfg = Debug|Win32
		{5CCE524F-3811-492C-8476-09C16CD764D4}.Debug.Build.0 = Debug|Win32
		{5CCE524F-3811-492C-8476-09C16CD764D4}.Release.ActiveCfg = Release|Win32
		{5CCE524F-3811-492C-8476-09C16CD764D4}.Release.Build.0 = Release|Win32
	EndGlobalSection
	GlobalSection(ExtensibilityGlobals) = postSolution
	EndGlobalSection
	GlobalSection(ExtensibilityAddIns) = postSolution
	EndGlobalSection
	GlobalSection(DevPartner Solution Properties) = postSolution
	EndGlobalSection
EndGlobal
