<?xml version="1.0" encoding="utf-8"?>
<Project ToolsVersion="4.0" xmlns="http://schemas.microsoft.com/developer/msbuild/2003">
  <ItemGroup>
    <Filter Include="Source Files">
      <UniqueIdentifier>{c6cac08c-bae6-4382-a8c1-d5d3d075c348}</UniqueIdentifier>
      <Extensions>cpp;c;cxx;rc;def;r;odl;idl;hpj;bat</Extensions>
    </Filter>
    <Filter Include="Header Files">
      <UniqueIdentifier>{ba6efc50-62fb-4019-a16a-2f226f409e74}</UniqueIdentifier>
      <Extensions>h;hpp;hxx;hm;inl</Extensions>
    </Filter>
  </ItemGroup>
  <ItemGroup>
    <ClCompile Include="CBodyPart.cpp">
      <Filter>Source Files</Filter>
    </ClCompile>
    <ClCompile Include="CBullet.cpp">
      <Filter>Source Files</Filter>
    </ClCompile>
    <ClCompile Include="CBulletCrate.cpp">
      <Filter>Source Files</Filter>
    </ClCompile>
    <ClCompile Include="CCharacter.cpp">
      <Filter>Source Files</Filter>
    </ClCompile>
    <ClCompile Include="CCrate.cpp">
      <Filter>Source Files</Filter>
    </ClCompile>
    <ClCompile Include="CDynGameData.cpp">
      <Filter>Source Files</Filter>
    </ClCompile>
    <ClCompile Include="CDynShopData.cpp">
      <Filter>Source Files</Filter>
    </ClCompile>
    <ClCompile Include="CEffect.cpp">
      <Filter>Source Files</Filter>
    </ClCompile>
    <ClCompile Include="CEnemy.cpp">
      <Filter>Source Files</Filter>
    </ClCompile>
    <ClCompile Include="CEnergyCrate.cpp">
      <Filter>Source Files</Filter>
    </ClCompile>
    <ClCompile Include="CEventFilter.cpp">
      <Filter>Source Files</Filter>
    </ClCompile>
    <ClCompile Include="CGameApp.cpp">
      <Filter>Source Files</Filter>
    </ClCompile>
    <ClCompile Include="CGameData.cpp">
      <Filter>Source Files</Filter>
    </ClCompile>
    <ClCompile Include="CGameDrawer.cpp">
      <Filter>Source Files</Filter>
    </ClCompile>
    <ClCompile Include="CGameDrawManager.cpp">
      <Filter>Source Files</Filter>
    </ClCompile>
    <ClCompile Include="CGameGraphicsInterface.cpp">
      <Filter>Source Files</Filter>
    </ClCompile>
    <ClCompile Include="CGameMenuBase.cpp">
      <Filter>Source Files</Filter>
    </ClCompile>
    <ClCompile Include="CGameMenuContainer.cpp">
      <Filter>Source Files</Filter>
    </ClCompile>
    <ClCompile Include="CGameMenuItem.cpp">
      <Filter>Source Files</Filter>
    </ClCompile>
    <ClCompile Include="CGameModeCooperative.cpp">
      <Filter>Source Files</Filter>
    </ClCompile>
    <ClCompile Include="CGameModeDeathmatch.cpp">
      <Filter>Source Files</Filter>
    </ClCompile>
    <ClCompile Include="CGameState.cpp">
      <Filter>Source Files</Filter>
    </ClCompile>
    <ClCompile Include="CGameStatisticsData.cpp">
      <Filter>Source Files</Filter>
    </ClCompile>
    <ClCompile Include="CGameSubStateLevelInfo.cpp">
      <Filter>Source Files</Filter>
    </ClCompile>
    <ClCompile Include="CGameSubStateNextLevel.cpp">
      <Filter>Source Files</Filter>
    </ClCompile>
    <ClCompile Include="CGameSubStateOngoing.cpp">
      <Filter>Source Files</Filter>
    </ClCompile>
    <ClCompile Include="CGameSubStateQuit.cpp">
      <Filter>Source Files</Filter>
    </ClCompile>
    <ClCompile Include="CGameSubStateShop.cpp">
      <Filter>Source Files</Filter>
    </ClCompile>
    <ClCompile Include="CGameSubStateStatistics.cpp">
      <Filter>Source Files</Filter>
    </ClCompile>
    <ClCompile Include="CGameSubStateVictory.cpp">
      <Filter>Source Files</Filter>
    </ClCompile>
    <ClCompile Include="CGameSystem.cpp">
      <Filter>Source Files</Filter>
    </ClCompile>
    <ClCompile Include="CGameVersion.cpp">
      <Filter>Source Files</Filter>
    </ClCompile>
    <ClCompile Include="CGraphicsFader.cpp">
      <Filter>Source Files</Filter>
    </ClCompile>
    <ClCompile Include="CGUIEffectData.cpp">
      <Filter>Source Files</Filter>
    </ClCompile>
    <ClCompile Include="CGUIStateGame.cpp">
      <Filter>Source Files</Filter>
    </ClCompile>
    <ClCompile Include="CGUIStateLogo.cpp">
      <Filter>Source Files</Filter>
    </ClCompile>
    <ClCompile Include="CGUIStateQuit.cpp">
      <Filter>Source Files</Filter>
    </ClCompile>
    <ClCompile Include="CIngameData.cpp">
      <Filter>Source Files</Filter>
    </ClCompile>
    <ClCompile Include="CKeys.cpp">
      <Filter>Source Files</Filter>
    </ClCompile>
    <ClCompile Include="CLevelRuntimeData.cpp">
      <Filter>Source Files</Filter>
    </ClCompile>
    <ClCompile Include="CMessageBoard.cpp">
      <Filter>Source Files</Filter>
    </ClCompile>
    <ClCompile Include="CMoneyCrate.cpp">
      <Filter>Source Files</Filter>
    </ClCompile>
    <ClCompile Include="COptions.cpp">
      <Filter>Source Files</Filter>
    </ClCompile>
    <ClCompile Include="CPlayer.cpp">
      <Filter>Source Files</Filter>
    </ClCompile>
    <ClCompile Include="CSoundPlayer.cpp">
      <Filter>Source Files</Filter>
    </ClCompile>
    <ClCompile Include="CSplash.cpp">
      <Filter>Source Files</Filter>
    </ClCompile>
    <ClCompile Include="CState.cpp">
      <Filter>Source Files</Filter>
    </ClCompile>
    <ClCompile Include="CStatViewData.cpp">
      <Filter>Source Files</Filter>
    </ClCompile>
    <ClCompile Include="CTargetSystemCrate.cpp">
      <Filter>Source Files</Filter>
    </ClCompile>
    <ClCompile Include="CWeaponCrate.cpp">
      <Filter>Source Files</Filter>
    </ClCompile>
    <ClCompile Include="CWebVersionChecker.cpp">
      <Filter>Source Files</Filter>
    </ClCompile>
    <ClCompile Include="lists.cpp">
      <Filter>Source Files</Filter>
    </ClCompile>
    <ClCompile Include="main.cpp">
      <Filter>Source Files</Filter>
    </ClCompile>
    <ClCompile Include="Menu.cpp">
      <Filter>Source Files</Filter>
    </ClCompile>
    <ClCompile Include="MenuItems.cpp">
      <Filter>Source Files</Filter>
    </ClCompile>
    <ClCompile Include="network.cpp">
      <Filter>Source Files</Filter>
    </ClCompile>
    <ClCompile Include="texts.cpp">
      <Filter>Source Files</Filter>
    </ClCompile>
    <ClCompile Include="Timer.cpp">
      <Filter>Source Files</Filter>
    </ClCompile>
    <ClCompile Include="lists_win32.cpp">
      <Filter>Source Files</Filter>
    </ClCompile>
  </ItemGroup>
  <ItemGroup>
    <ResourceCompile Include="tk.rc">
      <Filter>Source Files</Filter>
    </ResourceCompile>
  </ItemGroup>
  <ItemGroup>
    <ClInclude Include="CBodyPart.h">
      <Filter>Header Files</Filter>
    </ClInclude>
    <ClInclude Include="CBullet.h">
      <Filter>Header Files</Filter>
    </ClInclude>
    <ClInclude Include="CBulletCrate.h">
      <Filter>Header Files</Filter>
    </ClInclude>
    <ClInclude Include="CCharacter.h">
      <Filter>Header Files</Filter>
    </ClInclude>
    <ClInclude Include="CCrate.h">
      <Filter>Header Files</Filter>
    </ClInclude>
    <ClInclude Include="CDynGameData.h">
      <Filter>Header Files</Filter>
    </ClInclude>
    <ClInclude Include="CDynShopData.h">
      <Filter>Header Files</Filter>
    </ClInclude>
    <ClInclude Include="CEffect.h">
      <Filter>Header Files</Filter>
    </ClInclude>
    <ClInclude Include="CEnemy.h">
      <Filter>Header Files</Filter>
    </ClInclude>
    <ClInclude Include="CEnergyCrate.h">
      <Filter>Header Files</Filter>
    </ClInclude>
    <ClInclude Include="CEventFilter.h">
      <Filter>Header Files</Filter>
    </ClInclude>
    <ClInclude Include="CGameApp.h">
      <Filter>Header Files</Filter>
    </ClInclude>
    <ClInclude Include="CGameData.h">
      <Filter>Header Files</Filter>
    </ClInclude>
    <ClInclude Include="CGameDrawer.h">
      <Filter>Header Files</Filter>
    </ClInclude>
    <ClInclude Include="CGameDrawManager.h">
      <Filter>Header Files</Filter>
    </ClInclude>
    <ClInclude Include="CGameGraphicsInterface.h">
      <Filter>Header Files</Filter>
    </ClInclude>
    <ClInclude Include="CGameMenuBase.h">
      <Filter>Header Files</Filter>
    </ClInclude>
    <ClInclude Include="CGameMenuContainer.h">
      <Filter>Header Files</Filter>
    </ClInclude>
    <ClInclude Include="CGameMenuItem.h">
      <Filter>Header Files</Filter>
    </ClInclude>
    <ClInclude Include="CGameModeCooperative.h">
      <Filter>Header Files</Filter>
    </ClInclude>
    <ClInclude Include="CGameModeDeathmatch.h">
      <Filter>Header Files</Filter>
    </ClInclude>
    <ClInclude Include="CGameState.h">
      <Filter>Header Files</Filter>
    </ClInclude>
    <ClInclude Include="CGameStatisticsData.h">
      <Filter>Header Files</Filter>
    </ClInclude>
    <ClInclude Include="CGameSubStateLevelInfo.h">
      <Filter>Header Files</Filter>
    </ClInclude>
    <ClInclude Include="CGameSubStateNextLevel.h">
      <Filter>Header Files</Filter>
    </ClInclude>
    <ClInclude Include="CGameSubStateOngoing.h">
      <Filter>Header Files</Filter>
    </ClInclude>
    <ClInclude Include="CGameSubStateQuit.h">
      <Filter>Header Files</Filter>
    </ClInclude>
    <ClInclude Include="CGameSubStateShop.h">
      <Filter>Header Files</Filter>
    </ClInclude>
    <ClInclude Include="CGameSubStateStatistics.h">
      <Filter>Header Files</Filter>
    </ClInclude>
    <ClInclude Include="CGameSubStateVictory.h">
      <Filter>Header Files</Filter>
    </ClInclude>
    <ClInclude Include="CGameSystem.h">
      <Filter>Header Files</Filter>
    </ClInclude>
    <ClInclude Include="CGameVersion.h">
      <Filter>Header Files</Filter>
    </ClInclude>
    <ClInclude Include="CGraphicsFader.h">
      <Filter>Header Files</Filter>
    </ClInclude>
    <ClInclude Include="CGUIEffectData.h">
      <Filter>Header Files</Filter>
    </ClInclude>
    <ClInclude Include="CGUIStateGame.h">
      <Filter>Header Files</Filter>
    </ClInclude>
    <ClInclude Include="CGUIStateLogo.h">
      <Filter>Header Files</Filter>
    </ClInclude>
    <ClInclude Include="CGUIStateQuit.h">
      <Filter>Header Files</Filter>
    </ClInclude>
    <ClInclude Include="CIngameData.h">
      <Filter>Header Files</Filter>
    </ClInclude>
    <ClInclude Include="CKeys.h">
      <Filter>Header Files</Filter>
    </ClInclude>
    <ClInclude Include="CLevelRuntimeData.h">
      <Filter>Header Files</Filter>
    </ClInclude>
    <ClInclude Include="CMessageBoard.h">
      <Filter>Header Files</Filter>
    </ClInclude>
    <ClInclude Include="CMoneyCrate.h">
      <Filter>Header Files</Filter>
    </ClInclude>
    <ClInclude Include="COptions.h">
      <Filter>Header Files</Filter>
    </ClInclude>
    <ClInclude Include="CPlayer.h">
      <Filter>Header Files</Filter>
    </ClInclude>
    <ClInclude Include="CSoundPlayer.h">
      <Filter>Header Files</Filter>
    </ClInclude>
    <ClInclude Include="CSplash.h">
      <Filter>Header Files</Filter>
    </ClInclude>
    <ClInclude Include="CState.h">
      <Filter>Header Files</Filter>
    </ClInclude>
    <ClInclude Include="CStatViewData.h">
      <Filter>Header Files</Filter>
    </ClInclude>
    <ClInclude Include="CTargetSystemCrate.h">
      <Filter>Header Files</Filter>
    </ClInclude>
    <ClInclude Include="CWeaponCrate.h">
      <Filter>Header Files</Filter>
    </ClInclude>
    <ClInclude Include="CWebVersionChecker.h">
      <Filter>Header Files</Filter>
    </ClInclude>
    <ClInclude Include="IBulletObserver.h">
      <Filter>Header Files</Filter>
    </ClInclude>
    <ClInclude Include="ICharacterObserver.h">
      <Filter>Header Files</Filter>
    </ClInclude>
    <ClInclude Include="IGameMode.h">
      <Filter>Header Files</Filter>
    </ClInclude>
    <ClInclude Include="IGameSubState.h">
      <Filter>Header Files</Filter>
    </ClInclude>
    <ClInclude Include="IGameSubStateController.h">
      <Filter>Header Files</Filter>
    </ClInclude>
    <ClInclude Include="IGraphicsModeObserver.h">
      <Filter>Header Files</Filter>
    </ClInclude>
    <ClInclude Include="IGUIState.h">
      <Filter>Header Files</Filter>
    </ClInclude>
    <ClInclude Include="IGUIStateController.h">
      <Filter>Header Files</Filter>
    </ClInclude>
    <ClInclude Include="IPluginFactory.h">
      <Filter>Header Files</Filter>
    </ClInclude>
    <ClInclude Include="IPositionalSoundObserver.h">
      <Filter>Header Files</Filter>
    </ClInclude>
    <ClInclude Include="lists.h">
      <Filter>Header Files</Filter>
    </ClInclude>
    <ClInclude Include="main.h">
      <Filter>Header Files</Filter>
    </ClInclude>
    <ClInclude Include="menu.h">
      <Filter>Header Files</Filter>
    </ClInclude>
    <ClInclude Include="MenuItems.h">
      <Filter>Header Files</Filter>
    </ClInclude>
    <ClInclude Include="network.h">
      <Filter>Header Files</Filter>
    </ClInclude>
    <ClInclude Include="texts.h">
      <Filter>Header Files</Filter>
    </ClInclude>
    <ClInclude Include="timer.h">
      <Filter>Header Files</Filter>
    </ClInclude>
  </ItemGroup>
  <ItemGroup>
    <Text Include="..\patchfiles.txt" />
    <Text Include="..\todo.txt" />
  </ItemGroup>
  <ItemGroup>
    <None Include="..\readme.html" />
  </ItemGroup>
</Project>